
Microsoft Visual Studio Solution File, Format Version 12.00
# Visual Studio Version 16
VisualStudioVersion = 16.0.31112.23
MinimumVisualStudioVersion = 10.0.40219.1
Project("{FAE04EC0-301F-11D3-BF4B-00C04F79EFBC}") = "Tengri.OnlineApp", "Tengri.OnlineApp\Tengri.OnlineApp.csproj", "{46B9FD1E-BF59-4DD1-A77A-2D164A311920}"
EndProject
Project("{FAE04EC0-301F-11D3-BF4B-00C04F79EFBC}") = "Tengri.DAL", "Tengri.DAL\Tengri.DAL.csproj", "{0C18C8B1-BA90-4387-8DF0-A28EE08EB7C6}"
EndProject
Project("{FAE04EC0-301F-11D3-BF4B-00C04F79EFBC}") = "Tengri.GBD", "Tengri.GBD\Tengri.GBD.csproj", "{1B703132-2E06-49C8-A828-A3973531028C}"
EndProject
Project("{FAE04EC0-301F-11D3-BF4B-00C04F79EFBC}") = "Tengri.ServiceAccount", "Tengri.ServiceAccount\Tengri.ServiceAccount.csproj", "{428B8CF8-248C-4DD6-A3BF-E1FE347F2F60}"
EndProject
Project("{FAE04EC0-301F-11D3-BF4B-00C04F79EFBC}") = "Tengri.ServiceUser", "Tengri.ServiceUser\Tengri.ServiceUser.csproj", "{1E35287D-6BA9-4640-A727-22FF36C04EA1}"
EndProject
Global
	GlobalSection(SolutionConfigurationPlatforms) = preSolution
		Debug|Any CPU = Debug|Any CPU
		Release|Any CPU = Release|Any CPU
	EndGlobalSection
	GlobalSection(ProjectConfigurationPlatforms) = postSolution
		{46B9FD1E-BF59-4DD1-A77A-2D164A311920}.Debug|Any CPU.ActiveCfg = Debug|Any CPU
		{46B9FD1E-BF59-4DD1-A77A-2D164A311920}.Debug|Any CPU.Build.0 = Debug|Any CPU
		{46B9FD1E-BF59-4DD1-A77A-2D164A311920}.Release|Any CPU.ActiveCfg = Release|Any CPU
		{46B9FD1E-BF59-4DD1-A77A-2D164A311920}.Release|Any CPU.Build.0 = Release|Any CPU
		{0C18C8B1-BA90-4387-8DF0-A28EE08EB7C6}.Debug|Any CPU.ActiveCfg = Debug|Any CPU
		{0C18C8B1-BA90-4387-8DF0-A28EE08EB7C6}.Debug|Any CPU.Build.0 = Debug|Any CPU
		{0C18C8B1-BA90-4387-8DF0-A28EE08EB7C6}.Release|Any CPU.ActiveCfg = Release|Any CPU
		{0C18C8B1-BA90-4387-8DF0-A28EE08EB7C6}.Release|Any CPU.Build.0 = Release|Any CPU
		{1B703132-2E06-49C8-A828-A3973531028C}.Debug|Any CPU.ActiveCfg = Debug|Any CPU
		{1B703132-2E06-49C8-A828-A3973531028C}.Debug|Any CPU.Build.0 = Debug|Any CPU
		{1B703132-2E06-49C8-A828-A3973531028C}.Release|Any CPU.ActiveCfg = Release|Any CPU
		{1B703132-2E06-49C8-A828-A3973531028C}.Release|Any CPU.Build.0 = Release|Any CPU
		{428B8CF8-248C-4DD6-A3BF-E1FE347F2F60}.Debug|Any CPU.ActiveCfg = Debug|Any CPU
		{428B8CF8-248C-4DD6-A3BF-E1FE347F2F60}.Debug|Any CPU.Build.0 = Debug|Any CPU
		{428B8CF8-248C-4DD6-A3BF-E1FE347F2F60}.Release|Any CPU.ActiveCfg = Release|Any CPU
		{428B8CF8-248C-4DD6-A3BF-E1FE347F2F60}.Release|Any CPU.Build.0 = Release|Any CPU
		{1E35287D-6BA9-4640-A727-22FF36C04EA1}.Debug|Any CPU.ActiveCfg = Debug|Any CPU
		{1E35287D-6BA9-4640-A727-22FF36C04EA1}.Debug|Any CPU.Build.0 = Debug|Any CPU
		{1E35287D-6BA9-4640-A727-22FF36C04EA1}.Release|Any CPU.ActiveCfg = Release|Any CPU
		{1E35287D-6BA9-4640-A727-22FF36C04EA1}.Release|Any CPU.Build.0 = Release|Any CPU
	EndGlobalSection
	GlobalSection(SolutionProperties) = preSolution
		HideSolutionNode = FALSE
	EndGlobalSection
	GlobalSection(ExtensibilityGlobals) = postSolution
		SolutionGuid = {E746E7D7-F3F8-4EF4-ADCF-8B2D81F00E19}
	EndGlobalSection
EndGlobal
